
Microsoft Visual Studio Solution File, Format Version 12.00
# Visual Studio Version 17
VisualStudioVersion = 17.2.32526.322
MinimumVisualStudioVersion = 10.0.40219.1
Project("{FAE04EC0-301F-11D3-BF4B-00C04F79EFBC}") = "TodoListApi", "TodoListApi\TodoListApi.csproj", "{3307FE3E-13D8-4AE8-AD89-1A1FD28C7F25}"
EndProject
Global
	GlobalSection(SolutionConfigurationPlatforms) = preSolution
		Debug|Any CPU = Debug|Any CPU
		Release|Any CPU = Release|Any CPU
	EndGlobalSection
	GlobalSection(ProjectConfigurationPlatforms) = postSolution
		{3307FE3E-13D8-4AE8-AD89-1A1FD28C7F25}.Debug|Any CPU.ActiveCfg = Debug|Any CPU
		{3307FE3E-13D8-4AE8-AD89-1A1FD28C7F25}.Debug|Any CPU.Build.0 = Debug|Any CPU
		{3307FE3E-13D8-4AE8-AD89-1A1FD28C7F25}.Release|Any CPU.ActiveCfg = Release|Any CPU
		{3307FE3E-13D8-4AE8-AD89-1A1FD28C7F25}.Release|Any CPU.Build.0 = Release|Any CPU
	EndGlobalSection
	GlobalSection(SolutionProperties) = preSolution
		HideSolutionNode = FALSE
	EndGlobalSection
	GlobalSection(ExtensibilityGlobals) = postSolution
		SolutionGuid = {BD42BDB2-B57D-4252-B47D-E245C0286D27}
	EndGlobalSection
EndGlobal
